
Microsoft Visual Studio Solution File, Format Version 12.00
# Visual Studio Version 16
VisualStudioVersion = 16.0.29411.108
MinimumVisualStudioVersion = 10.0.40219.1
Project("{FAE04EC0-301F-11D3-BF4B-00C04F79EFBC}") = "BudgetingApp", "BudgetingApp\BudgetingApp.csproj", "{180A70B9-A2C2-46F6-A77B-512984798CBD}"
EndProject
Project("{FAE04EC0-301F-11D3-BF4B-00C04F79EFBC}") = "BudgetingApp.Android", "BudgetingApp.Android\BudgetingApp.Android.csproj", "{38F58774-E834-4A41-A568-2D7285428099}"
EndProject
Project("{FAE04EC0-301F-11D3-BF4B-00C04F79EFBC}") = "BudgetingApp.iOS", "BudgetingApp.iOS\BudgetingApp.iOS.csproj", "{75FFA83E-4B16-4B4F-B585-740FA74CC30C}"
EndProject
Project("{FAE04EC0-301F-11D3-BF4B-00C04F79EFBC}") = "BudgetingApp.UWP", "BudgetingApp.UWP\BudgetingApp.UWP.csproj", "{8A612D60-38FD-47BD-B7CD-074701DF8C74}"
EndProject
Global
	GlobalSection(SolutionConfigurationPlatforms) = preSolution
		Ad-Hoc|Any CPU = Ad-Hoc|Any CPU
		Ad-Hoc|ARM = Ad-Hoc|ARM
		Ad-Hoc|iPhone = Ad-Hoc|iPhone
		Ad-Hoc|iPhoneSimulator = Ad-Hoc|iPhoneSimulator
		Ad-Hoc|x64 = Ad-Hoc|x64
		Ad-Hoc|x86 = Ad-Hoc|x86
		AppStore|Any CPU = AppStore|Any CPU
		AppStore|ARM = AppStore|ARM
		AppStore|iPhone = AppStore|iPhone
		AppStore|iPhoneSimulator = AppStore|iPhoneSimulator
		AppStore|x64 = AppStore|x64
		AppStore|x86 = AppStore|x86
		Debug|Any CPU = Debug|Any CPU
		Debug|ARM = Debug|ARM
		Debug|iPhone = Debug|iPhone
		Debug|iPhoneSimulator = Debug|iPhoneSimulator
		Debug|x64 = Debug|x64
		Debug|x86 = Debug|x86
		Release|Any CPU = Release|Any CPU
		Release|ARM = Release|ARM
		Release|iPhone = Release|iPhone
		Release|iPhoneSimulator = Release|iPhoneSimulator
		Release|x64 = Release|x64
		Release|x86 = Release|x86
	EndGlobalSection
	GlobalSection(ProjectConfigurationPlatforms) = postSolution
		{180A70B9-A2C2-46F6-A77B-512984798CBD}.Ad-Hoc|Any CPU.ActiveCfg = Debug|Any CPU
		{180A70B9-A2C2-46F6-A77B-512984798CBD}.Ad-Hoc|Any CPU.Build.0 = Debug|Any CPU
		{180A70B9-A2C2-46F6-A77B-512984798CBD}.Ad-Hoc|ARM.ActiveCfg = Debug|Any CPU
		{180A70B9-A2C2-46F6-A77B-512984798CBD}.Ad-Hoc|ARM.Build.0 = Debug|Any CPU
		{180A70B9-A2C2-46F6-A77B-512984798CBD}.Ad-Hoc|iPhone.ActiveCfg = Debug|Any CPU
		{180A70B9-A2C2-46F6-A77B-512984798CBD}.Ad-Hoc|iPhone.Build.0 = Debug|Any CPU
		{180A70B9-A2C2-46F6-A77B-512984798CBD}.Ad-Hoc|iPhoneSimulator.ActiveCfg = Debug|Any CPU
		{180A70B9-A2C2-46F6-A77B-512984798CBD}.Ad-Hoc|iPhoneSimulator.Build.0 = Debug|Any CPU
		{180A70B9-A2C2-46F6-A77B-512984798CBD}.Ad-Hoc|x64.ActiveCfg = Debug|Any CPU
		{180A70B9-A2C2-46F6-A77B-512984798CBD}.Ad-Hoc|x64.Build.0 = Debug|Any CPU
		{180A70B9-A2C2-46F6-A77B-512984798CBD}.Ad-Hoc|x86.ActiveCfg = Debug|Any CPU
		{180A70B9-A2C2-46F6-A77B-512984798CBD}.Ad-Hoc|x86.Build.0 = Debug|Any CPU
		{180A70B9-A2C2-46F6-A77B-512984798CBD}.AppStore|Any CPU.ActiveCfg = Debug|Any CPU
		{180A70B9-A2C2-46F6-A77B-512984798CBD}.AppStore|Any CPU.Build.0 = Debug|Any CPU
		{180A70B9-A2C2-46F6-A77B-512984798CBD}.AppStore|ARM.ActiveCfg = Debug|Any CPU
		{180A70B9-A2C2-46F6-A77B-512984798CBD}.AppStore|ARM.Build.0 = Debug|Any CPU
		{180A70B9-A2C2-46F6-A77B-512984798CBD}.AppStore|iPhone.ActiveCfg = Debug|Any CPU
		{180A70B9-A2C2-46F6-A77B-512984798CBD}.AppStore|iPhone.Build.0 = Debug|Any CPU
		{180A70B9-A2C2-46F6-A77B-512984798CBD}.AppStore|iPhoneSimulator.ActiveCfg = Debug|Any CPU
		{180A70B9-A2C2-46F6-A77B-512984798CBD}.AppStore|iPhoneSimulator.Build.0 = Debug|Any CPU
		{180A70B9-A2C2-46F6-A77B-512984798CBD}.AppStore|x64.ActiveCfg = Debug|Any CPU
		{180A70B9-A2C2-46F6-A77B-512984798CBD}.AppStore|x64.Build.0 = Debug|Any CPU
		{180A70B9-A2C2-46F6-A77B-512984798CBD}.AppStore|x86.ActiveCfg = Debug|Any CPU
		{180A70B9-A2C2-46F6-A77B-512984798CBD}.AppStore|x86.Build.0 = Debug|Any CPU
		{180A70B9-A2C2-46F6-A77B-512984798CBD}.Debug|Any CPU.ActiveCfg = Debug|Any CPU
		{180A70B9-A2C2-46F6-A77B-512984798CBD}.Debug|Any CPU.Build.0 = Debug|Any CPU
		{180A70B9-A2C2-46F6-A77B-512984798CBD}.Debug|ARM.ActiveCfg = Debug|Any CPU
		{180A70B9-A2C2-46F6-A77B-512984798CBD}.Debug|ARM.Build.0 = Debug|Any CPU
		{180A70B9-A2C2-46F6-A77B-512984798CBD}.Debug|iPhone.ActiveCfg = Debug|Any CPU
		{180A70B9-A2C2-46F6-A77B-512984798CBD}.Debug|iPhone.Build.0 = Debug|Any CPU
		{180A70B9-A2C2-46F6-A77B-512984798CBD}.Debug|iPhoneSimulator.ActiveCfg = Debug|Any CPU
		{180A70B9-A2C2-46F6-A77B-512984798CBD}.Debug|iPhoneSimulator.Build.0 = Debug|Any CPU
		{180A70B9-A2C2-46F6-A77B-512984798CBD}.Debug|x64.ActiveCfg = Debug|Any CPU
		{180A70B9-A2C2-46F6-A77B-512984798CBD}.Debug|x64.Build.0 = Debug|Any CPU
		{180A70B9-A2C2-46F6-A77B-512984798CBD}.Debug|x86.ActiveCfg = Debug|Any CPU
		{180A70B9-A2C2-46F6-A77B-512984798CBD}.Debug|x86.Build.0 = Debug|Any CPU
		{180A70B9-A2C2-46F6-A77B-512984798CBD}.Release|Any CPU.ActiveCfg = Release|Any CPU
		{180A70B9-A2C2-46F6-A77B-512984798CBD}.Release|Any CPU.Build.0 = Release|Any CPU
		{180A70B9-A2C2-46F6-A77B-512984798CBD}.Release|ARM.ActiveCfg = Release|Any CPU
		{180A70B9-A2C2-46F6-A77B-512984798CBD}.Release|ARM.Build.0 = Release|Any CPU
		{180A70B9-A2C2-46F6-A77B-512984798CBD}.Release|iPhone.ActiveCfg = Release|Any CPU
		{180A70B9-A2C2-46F6-A77B-512984798CBD}.Release|iPhone.Build.0 = Release|Any CPU
		{180A70B9-A2C2-46F6-A77B-512984798CBD}.Release|iPhoneSimulator.ActiveCfg = Release|Any CPU
		{180A70B9-A2C2-46F6-A77B-512984798CBD}.Release|iPhoneSimulator.Build.0 = Release|Any CPU
		{180A70B9-A2C2-46F6-A77B-512984798CBD}.Release|x64.ActiveCfg = Release|Any CPU
		{180A70B9-A2C2-46F6-A77B-512984798CBD}.Release|x64.Build.0 = Release|Any CPU
		{180A70B9-A2C2-46F6-A77B-512984798CBD}.Release|x86.ActiveCfg = Release|Any CPU
		{180A70B9-A2C2-46F6-A77B-512984798CBD}.Release|x86.Build.0 = Release|Any CPU
		{38F58774-E834-4A41-A568-2D7285428099}.Ad-Hoc|Any CPU.ActiveCfg = Release|Any CPU
		{38F58774-E834-4A41-A568-2D7285428099}.Ad-Hoc|Any CPU.Build.0 = Release|Any CPU
		{38F58774-E834-4A41-A568-2D7285428099}.Ad-Hoc|Any CPU.Deploy.0 = Release|Any CPU
		{38F58774-E834-4A41-A568-2D7285428099}.Ad-Hoc|ARM.ActiveCfg = Release|Any CPU
		{38F58774-E834-4A41-A568-2D7285428099}.Ad-Hoc|ARM.Build.0 = Release|Any CPU
		{38F58774-E834-4A41-A568-2D7285428099}.Ad-Hoc|ARM.Deploy.0 = Release|Any CPU
		{38F58774-E834-4A41-A568-2D7285428099}.Ad-Hoc|iPhone.ActiveCfg = Release|Any CPU
		{38F58774-E834-4A41-A568-2D7285428099}.Ad-Hoc|iPhone.Build.0 = Release|Any CPU
		{38F58774-E834-4A41-A568-2D7285428099}.Ad-Hoc|iPhone.Deploy.0 = Release|Any CPU
		{38F58774-E834-4A41-A568-2D7285428099}.Ad-Hoc|iPhoneSimulator.ActiveCfg = Release|Any CPU
		{38F58774-E834-4A41-A568-2D7285428099}.Ad-Hoc|iPhoneSimulator.Build.0 = Release|Any CPU
		{38F58774-E834-4A41-A568-2D7285428099}.Ad-Hoc|iPhoneSimulator.Deploy.0 = Release|Any CPU
		{38F58774-E834-4A41-A568-2D7285428099}.Ad-Hoc|x64.ActiveCfg = Release|Any CPU
		{38F58774-E834-4A41-A568-2D7285428099}.Ad-Hoc|x64.Build.0 = Release|Any CPU
		{38F58774-E834-4A41-A568-2D7285428099}.Ad-Hoc|x64.Deploy.0 = Release|Any CPU
		{38F58774-E834-4A41-A568-2D7285428099}.Ad-Hoc|x86.ActiveCfg = Release|Any CPU
		{38F58774-E834-4A41-A568-2D7285428099}.Ad-Hoc|x86.Build.0 = Release|Any CPU
		{38F58774-E834-4A41-A568-2D7285428099}.Ad-Hoc|x86.Deploy.0 = Release|Any CPU
		{38F58774-E834-4A41-A568-2D7285428099}.AppStore|Any CPU.ActiveCfg = Release|Any CPU
		{38F58774-E834-4A41-A568-2D7285428099}.AppStore|Any CPU.Build.0 = Release|Any CPU
		{38F58774-E834-4A41-A568-2D7285428099}.AppStore|Any CPU.Deploy.0 = Release|Any CPU
		{38F58774-E834-4A41-A568-2D7285428099}.AppStore|ARM.ActiveCfg = Release|Any CPU
		{38F58774-E834-4A41-A568-2D7285428099}.AppStore|ARM.Build.0 = Release|Any CPU
		{38F58774-E834-4A41-A568-2D7285428099}.AppStore|ARM.Deploy.0 = Release|Any CPU
		{38F58774-E834-4A41-A568-2D7285428099}.AppStore|iPhone.ActiveCfg = Release|Any CPU
		{38F58774-E834-4A41-A568-2D7285428099}.AppStore|iPhone.Build.0 = Release|Any CPU
		{38F58774-E834-4A41-A568-2D7285428099}.AppStore|iPhone.Deploy.0 = Release|Any CPU
		{38F58774-E834-4A41-A568-2D7285428099}.AppStore|iPhoneSimulator.ActiveCfg = Release|Any CPU
		{38F58774-E834-4A41-A568-2D7285428099}.AppStore|iPhoneSimulator.Build.0 = Release|Any CPU
		{38F58774-E834-4A41-A568-2D7285428099}.AppStore|iPhoneSimulator.Deploy.0 = Release|Any CPU
		{38F58774-E834-4A41-A568-2D7285428099}.AppStore|x64.ActiveCfg = Release|Any CPU
		{38F58774-E834-4A41-A568-2D7285428099}.AppStore|x64.Build.0 = Release|Any CPU
		{38F58774-E834-4A41-A568-2D7285428099}.AppStore|x64.Deploy.0 = Release|Any CPU
		{38F58774-E834-4A41-A568-2D7285428099}.AppStore|x86.ActiveCfg = Release|Any CPU
		{38F58774-E834-4A41-A568-2D7285428099}.AppStore|x86.Build.0 = Release|Any CPU
		{38F58774-E834-4A41-A568-2D7285428099}.AppStore|x86.Deploy.0 = Release|Any CPU
		{38F58774-E834-4A41-A568-2D7285428099}.Debug|Any CPU.ActiveCfg = Debug|Any CPU
		{38F58774-E834-4A41-A568-2D7285428099}.Debug|Any CPU.Build.0 = Debug|Any CPU
		{38F58774-E834-4A41-A568-2D7285428099}.Debug|Any CPU.Deploy.0 = Debug|Any CPU
		{38F58774-E834-4A41-A568-2D7285428099}.Debug|ARM.ActiveCfg = Debug|Any CPU
		{38F58774-E834-4A41-A568-2D7285428099}.Debug|ARM.Build.0 = Debug|Any CPU
		{38F58774-E834-4A41-A568-2D7285428099}.Debug|ARM.Deploy.0 = Debug|Any CPU
		{38F58774-E834-4A41-A568-2D7285428099}.Debug|iPhone.ActiveCfg = Debug|Any CPU
		{38F58774-E834-4A41-A568-2D7285428099}.Debug|iPhone.Build.0 = Debug|Any CPU
		{38F58774-E834-4A41-A568-2D7285428099}.Debug|iPhone.Deploy.0 = Debug|Any CPU
		{38F58774-E834-4A41-A568-2D7285428099}.Debug|iPhoneSimulator.ActiveCfg = Debug|Any CPU
		{38F58774-E834-4A41-A568-2D7285428099}.Debug|iPhoneSimulator.Build.0 = Debug|Any CPU
		{38F58774-E834-4A41-A568-2D7285428099}.Debug|iPhoneSimulator.Deploy.0 = Debug|Any CPU
		{38F58774-E834-4A41-A568-2D7285428099}.Debug|x64.ActiveCfg = Debug|Any CPU
		{38F58774-E834-4A41-A568-2D7285428099}.Debug|x64.Build.0 = Debug|Any CPU
		{38F58774-E834-4A41-A568-2D7285428099}.Debug|x64.Deploy.0 = Debug|Any CPU
		{38F58774-E834-4A41-A568-2D7285428099}.Debug|x86.ActiveCfg = Debug|Any CPU
		{38F58774-E834-4A41-A568-2D7285428099}.Debug|x86.Build.0 = Debug|Any CPU
		{38F58774-E834-4A41-A568-2D7285428099}.Debug|x86.Deploy.0 = Debug|Any CPU
		{38F58774-E834-4A41-A568-2D7285428099}.Release|Any CPU.ActiveCfg = Release|Any CPU
		{38F58774-E834-4A41-A568-2D7285428099}.Release|Any CPU.Build.0 = Release|Any CPU
		{38F58774-E834-4A41-A568-2D7285428099}.Release|Any CPU.Deploy.0 = Release|Any CPU
		{38F58774-E834-4A41-A568-2D7285428099}.Release|ARM.ActiveCfg = Release|Any CPU
		{38F58774-E834-4A41-A568-2D7285428099}.Release|ARM.Build.0 = Release|Any CPU
		{38F58774-E834-4A41-A568-2D7285428099}.Release|ARM.Deploy.0 = Release|Any CPU
		{38F58774-E834-4A41-A568-2D7285428099}.Release|iPhone.ActiveCfg = Release|Any CPU
		{38F58774-E834-4A41-A568-2D7285428099}.Release|iPhone.Build.0 = Release|Any CPU
		{38F58774-E834-4A41-A568-2D7285428099}.Release|iPhone.Deploy.0 = Release|Any CPU
		{38F58774-E834-4A41-A568-2D7285428099}.Release|iPhoneSimulator.ActiveCfg = Release|Any CPU
		{38F58774-E834-4A41-A568-2D7285428099}.Release|iPhoneSimulator.Build.0 = Release|Any CPU
		{38F58774-E834-4A41-A568-2D7285428099}.Release|iPhoneSimulator.Deploy.0 = Release|Any CPU
		{38F58774-E834-4A41-A568-2D7285428099}.Release|x64.ActiveCfg = Release|Any CPU
		{38F58774-E834-4A41-A568-2D7285428099}.Release|x64.Build.0 = Release|Any CPU
		{38F58774-E834-4A41-A568-2D7285428099}.Release|x64.Deploy.0 = Release|Any CPU
		{38F58774-E834-4A41-A568-2D7285428099}.Release|x86.ActiveCfg = Release|Any CPU
		{38F58774-E834-4A41-A568-2D7285428099}.Release|x86.Build.0 = Release|Any CPU
		{38F58774-E834-4A41-A568-2D7285428099}.Release|x86.Deploy.0 = Release|Any CPU
		{75FFA83E-4B16-4B4F-B585-740FA74CC30C}.Ad-Hoc|Any CPU.ActiveCfg = Ad-Hoc|iPhone
		{75FFA83E-4B16-4B4F-B585-740FA74CC30C}.Ad-Hoc|ARM.ActiveCfg = Ad-Hoc|iPhone
		{75FFA83E-4B16-4B4F-B585-740FA74CC30C}.Ad-Hoc|iPhone.ActiveCfg = Ad-Hoc|iPhone
		{75FFA83E-4B16-4B4F-B585-740FA74CC30C}.Ad-Hoc|iPhone.Build.0 = Ad-Hoc|iPhone
		{75FFA83E-4B16-4B4F-B585-740FA74CC30C}.Ad-Hoc|iPhoneSimulator.ActiveCfg = Ad-Hoc|iPhoneSimulator
		{75FFA83E-4B16-4B4F-B585-740FA74CC30C}.Ad-Hoc|iPhoneSimulator.Build.0 = Ad-Hoc|iPhoneSimulator
		{75FFA83E-4B16-4B4F-B585-740FA74CC30C}.Ad-Hoc|x64.ActiveCfg = Ad-Hoc|iPhone
		{75FFA83E-4B16-4B4F-B585-740FA74CC30C}.Ad-Hoc|x86.ActiveCfg = Ad-Hoc|iPhone
		{75FFA83E-4B16-4B4F-B585-740FA74CC30C}.AppStore|Any CPU.ActiveCfg = AppStore|iPhone
		{75FFA83E-4B16-4B4F-B585-740FA74CC30C}.AppStore|ARM.ActiveCfg = AppStore|iPhone
		{75FFA83E-4B16-4B4F-B585-740FA74CC30C}.AppStore|iPhone.ActiveCfg = AppStore|iPhone
		{75FFA83E-4B16-4B4F-B585-740FA74CC30C}.AppStore|iPhone.Build.0 = AppStore|iPhone
		{75FFA83E-4B16-4B4F-B585-740FA74CC30C}.AppStore|iPhoneSimulator.ActiveCfg = AppStore|iPhoneSimulator
		{75FFA83E-4B16-4B4F-B585-740FA74CC30C}.AppStore|iPhoneSimulator.Build.0 = AppStore|iPhoneSimulator
		{75FFA83E-4B16-4B4F-B585-740FA74CC30C}.AppStore|x64.ActiveCfg = AppStore|iPhone
		{75FFA83E-4B16-4B4F-B585-740FA74CC30C}.AppStore|x86.ActiveCfg = AppStore|iPhone
		{75FFA83E-4B16-4B4F-B585-740FA74CC30C}.Debug|Any CPU.ActiveCfg = Debug|iPhone
		{75FFA83E-4B16-4B4F-B585-740FA74CC30C}.Debug|ARM.ActiveCfg = Debug|iPhone
		{75FFA83E-4B16-4B4F-B585-740FA74CC30C}.Debug|iPhone.ActiveCfg = Debug|iPhone
		{75FFA83E-4B16-4B4F-B585-740FA74CC30C}.Debug|iPhone.Build.0 = Debug|iPhone
		{75FFA83E-4B16-4B4F-B585-740FA74CC30C}.Debug|iPhoneSimulator.ActiveCfg = Debug|iPhoneSimulator
		{75FFA83E-4B16-4B4F-B585-740FA74CC30C}.Debug|iPhoneSimulator.Build.0 = Debug|iPhoneSimulator
		{75FFA83E-4B16-4B4F-B585-740FA74CC30C}.Debug|x64.ActiveCfg = Debug|iPhone
		{75FFA83E-4B16-4B4F-B585-740FA74CC30C}.Debug|x86.ActiveCfg = Debug|iPhone
		{75FFA83E-4B16-4B4F-B585-740FA74CC30C}.Release|Any CPU.ActiveCfg = Release|iPhone
		{75FFA83E-4B16-4B4F-B585-740FA74CC30C}.Release|ARM.ActiveCfg = Release|iPhone
		{75FFA83E-4B16-4B4F-B585-740FA74CC30C}.Release|iPhone.ActiveCfg = Release|iPhone
		{75FFA83E-4B16-4B4F-B585-740FA74CC30C}.Release|iPhone.Build.0 = Release|iPhone
		{75FFA83E-4B16-4B4F-B585-740FA74CC30C}.Release|iPhoneSimulator.ActiveCfg = Release|iPhoneSimulator
		{75FFA83E-4B16-4B4F-B585-740FA74CC30C}.Release|iPhoneSimulator.Build.0 = Release|iPhoneSimulator
		{75FFA83E-4B16-4B4F-B585-740FA74CC30C}.Release|x64.ActiveCfg = Release|iPhone
		{75FFA83E-4B16-4B4F-B585-740FA74CC30C}.Release|x86.ActiveCfg = Release|iPhone
		{8A612D60-38FD-47BD-B7CD-074701DF8C74}.Ad-Hoc|Any CPU.ActiveCfg = Release|x86
		{8A612D60-38FD-47BD-B7CD-074701DF8C74}.Ad-Hoc|Any CPU.Build.0 = Release|x86
		{8A612D60-38FD-47BD-B7CD-074701DF8C74}.Ad-Hoc|Any CPU.Deploy.0 = Release|x86
		{8A612D60-38FD-47BD-B7CD-074701DF8C74}.Ad-Hoc|ARM.ActiveCfg = Release|ARM
		{8A612D60-38FD-47BD-B7CD-074701DF8C74}.Ad-Hoc|ARM.Build.0 = Release|ARM
		{8A612D60-38FD-47BD-B7CD-074701DF8C74}.Ad-Hoc|ARM.Deploy.0 = Release|ARM
		{8A612D60-38FD-47BD-B7CD-074701DF8C74}.Ad-Hoc|iPhone.ActiveCfg = Release|x86
		{8A612D60-38FD-47BD-B7CD-074701DF8C74}.Ad-Hoc|iPhone.Build.0 = Release|x86
		{8A612D60-38FD-47BD-B7CD-074701DF8C74}.Ad-Hoc|iPhone.Deploy.0 = Release|x86
		{8A612D60-38FD-47BD-B7CD-074701DF8C74}.Ad-Hoc|iPhoneSimulator.ActiveCfg = Release|x86
		{8A612D60-38FD-47BD-B7CD-074701DF8C74}.Ad-Hoc|iPhoneSimulator.Build.0 = Release|x86
		{8A612D60-38FD-47BD-B7CD-074701DF8C74}.Ad-Hoc|iPhoneSimulator.Deploy.0 = Release|x86
		{8A612D60-38FD-47BD-B7CD-074701DF8C74}.Ad-Hoc|x64.ActiveCfg = Release|x64
		{8A612D60-38FD-47BD-B7CD-074701DF8C74}.Ad-Hoc|x64.Build.0 = Release|x64
		{8A612D60-38FD-47BD-B7CD-074701DF8C74}.Ad-Hoc|x64.Deploy.0 = Release|x64
		{8A612D60-38FD-47BD-B7CD-074701DF8C74}.Ad-Hoc|x86.ActiveCfg = Release|x86
		{8A612D60-38FD-47BD-B7CD-074701DF8C74}.Ad-Hoc|x86.Build.0 = Release|x86
		{8A612D60-38FD-47BD-B7CD-074701DF8C74}.Ad-Hoc|x86.Deploy.0 = Release|x86
		{8A612D60-38FD-47BD-B7CD-074701DF8C74}.AppStore|Any CPU.ActiveCfg = Release|x86
		{8A612D60-38FD-47BD-B7CD-074701DF8C74}.AppStore|Any CPU.Build.0 = Release|x86
		{8A612D60-38FD-47BD-B7CD-074701DF8C74}.AppStore|Any CPU.Deploy.0 = Release|x86
		{8A612D60-38FD-47BD-B7CD-074701DF8C74}.AppStore|ARM.ActiveCfg = Release|ARM
		{8A612D60-38FD-47BD-B7CD-074701DF8C74}.AppStore|ARM.Build.0 = Release|ARM
		{8A612D60-38FD-47BD-B7CD-074701DF8C74}.AppStore|ARM.Deploy.0 = Release|ARM
		{8A612D60-38FD-47BD-B7CD-074701DF8C74}.AppStore|iPhone.ActiveCfg = Release|x86
		{8A612D60-38FD-47BD-B7CD-074701DF8C74}.AppStore|iPhone.Build.0 = Release|x86
		{8A612D60-38FD-47BD-B7CD-074701DF8C74}.AppStore|iPhone.Deploy.0 = Release|x86
		{8A612D60-38FD-47BD-B7CD-074701DF8C74}.AppStore|iPhoneSimulator.ActiveCfg = Release|x86
		{8A612D60-38FD-47BD-B7CD-074701DF8C74}.AppStore|iPhoneSimulator.Build.0 = Release|x86
		{8A612D60-38FD-47BD-B7CD-074701DF8C74}.AppStore|iPhoneSimulator.Deploy.0 = Release|x86
		{8A612D60-38FD-47BD-B7CD-074701DF8C74}.AppStore|x64.ActiveCfg = Release|x64
		{8A612D60-38FD-47BD-B7CD-074701DF8C74}.AppStore|x64.Build.0 = Release|x64
		{8A612D60-38FD-47BD-B7CD-074701DF8C74}.AppStore|x64.Deploy.0 = Release|x64
		{8A612D60-38FD-47BD-B7CD-074701DF8C74}.AppStore|x86.ActiveCfg = Release|x86
		{8A612D60-38FD-47BD-B7CD-074701DF8C74}.AppStore|x86.Build.0 = Release|x86
		{8A612D60-38FD-47BD-B7CD-074701DF8C74}.AppStore|x86.Deploy.0 = Release|x86
		{8A612D60-38FD-47BD-B7CD-074701DF8C74}.Debug|Any CPU.ActiveCfg = Debug|x86
		{8A612D60-38FD-47BD-B7CD-074701DF8C74}.Debug|ARM.ActiveCfg = Debug|ARM
		{8A612D60-38FD-47BD-B7CD-074701DF8C74}.Debug|ARM.Build.0 = Debug|ARM
		{8A612D60-38FD-47BD-B7CD-074701DF8C74}.Debug|ARM.Deploy.0 = Debug|ARM
		{8A612D60-38FD-47BD-B7CD-074701DF8C74}.Debug|iPhone.ActiveCfg = Debug|x86
		{8A612D60-38FD-47BD-B7CD-074701DF8C74}.Debug|iPhoneSimulator.ActiveCfg = Debug|x86
		{8A612D60-38FD-47BD-B7CD-074701DF8C74}.Debug|x64.ActiveCfg = Debug|x64
		{8A612D60-38FD-47BD-B7CD-074701DF8C74}.Debug|x64.Build.0 = Debug|x64
		{8A612D60-38FD-47BD-B7CD-074701DF8C74}.Debug|x64.Deploy.0 = Debug|x64
		{8A612D60-38FD-47BD-B7CD-074701DF8C74}.Debug|x86.ActiveCfg = Debug|x86
		{8A612D60-38FD-47BD-B7CD-074701DF8C74}.Debug|x86.Build.0 = Debug|x86
		{8A612D60-38FD-47BD-B7CD-074701DF8C74}.Debug|x86.Deploy.0 = Debug|x86
		{8A612D60-38FD-47BD-B7CD-074701DF8C74}.Release|Any CPU.ActiveCfg = Release|x86
		{8A612D60-38FD-47BD-B7CD-074701DF8C74}.Release|ARM.ActiveCfg = Release|ARM
		{8A612D60-38FD-47BD-B7CD-074701DF8C74}.Release|ARM.Build.0 = Release|ARM
		{8A612D60-38FD-47BD-B7CD-074701DF8C74}.Release|ARM.Deploy.0 = Release|ARM
		{8A612D60-38FD-47BD-B7CD-074701DF8C74}.Release|iPhone.ActiveCfg = Release|x86
		{8A612D60-38FD-47BD-B7CD-074701DF8C74}.Release|iPhoneSimulator.ActiveCfg = Release|x86
		{8A612D60-38FD-47BD-B7CD-074701DF8C74}.Release|x64.ActiveCfg = Release|x64
		{8A612D60-38FD-47BD-B7CD-074701DF8C74}.Release|x64.Build.0 = Release|x64
		{8A612D60-38FD-47BD-B7CD-074701DF8C74}.Release|x64.Deploy.0 = Release|x64
		{8A612D60-38FD-47BD-B7CD-074701DF8C74}.Release|x86.ActiveCfg = Release|x86
		{8A612D60-38FD-47BD-B7CD-074701DF8C74}.Release|x86.Build.0 = Release|x86
		{8A612D60-38FD-47BD-B7CD-074701DF8C74}.Release|x86.Deploy.0 = Release|x86
	EndGlobalSection
	GlobalSection(SolutionProperties) = preSolution
		HideSolutionNode = FALSE
	EndGlobalSection
	GlobalSection(ExtensibilityGlobals) = postSolution
		SolutionGuid = {554CE91B-EF28-4C9C-A22E-D0E88BC8EBE3}
	EndGlobalSection
EndGlobal
